
Microsoft Visual Studio Solution File, Format Version 12.00
# Visual Studio Version 17
VisualStudioVersion = 17.14.36705.20 d17.14
MinimumVisualStudioVersion = 10.0.40219.1
Project("{FAE04EC0-301F-11D3-BF4B-00C04F79EFBC}") = "AtosCustomer.Tests", "AtosCustomer.Tests\AtosCustomer.Tests.csproj", "{556C4FCB-884B-49D0-BAC2-6FBC5D72496E}"
EndProject
Global
	GlobalSection(SolutionConfigurationPlatforms) = preSolution
		Debug|Any CPU = Debug|Any CPU
		Release|Any CPU = Release|Any CPU
	EndGlobalSection
	GlobalSection(ProjectConfigurationPlatforms) = postSolution
		{556C4FCB-884B-49D0-BAC2-6FBC5D72496E}.Debug|Any CPU.ActiveCfg = Debug|Any CPU
		{556C4FCB-884B-49D0-BAC2-6FBC5D72496E}.Debug|Any CPU.Build.0 = Debug|Any CPU
		{556C4FCB-884B-49D0-BAC2-6FBC5D72496E}.Release|Any CPU.ActiveCfg = Release|Any CPU
		{556C4FCB-884B-49D0-BAC2-6FBC5D72496E}.Release|Any CPU.Build.0 = Release|Any CPU
	EndGlobalSection
	GlobalSection(SolutionProperties) = preSolution
		HideSolutionNode = FALSE
	EndGlobalSection
	GlobalSection(ExtensibilityGlobals) = postSolution
		SolutionGuid = {A40E43D4-0257-4576-BD8D-8F05524F15A0}
	EndGlobalSection
EndGlobal
